
Microsoft Visual Studio Solution File, Format Version 12.00
# Visual Studio 2013
VisualStudioVersion = 12.0.30501.0
MinimumVisualStudioVersion = 10.0.40219.1
Project("{FAE04EC0-301F-11D3-BF4B-00C04F79EFBC}") = "CountWordsNnr", "CountWordsNnr\CountWordsNnr.csproj", "{1B51E433-39AC-4740-BAB9-8F962453881F}"
EndProject
Global
	GlobalSection(SolutionConfigurationPlatforms) = preSolution
		Debug|Any CPU = Debug|Any CPU
		Release|Any CPU = Release|Any CPU
	EndGlobalSection
	GlobalSection(ProjectConfigurationPlatforms) = postSolution
		{1B51E433-39AC-4740-BAB9-8F962453881F}.Debug|Any CPU.ActiveCfg = Debug|Any CPU
		{1B51E433-39AC-4740-BAB9-8F962453881F}.Debug|Any CPU.Build.0 = Debug|Any CPU
		{1B51E433-39AC-4740-BAB9-8F962453881F}.Release|Any CPU.ActiveCfg = Release|Any CPU
		{1B51E433-39AC-4740-BAB9-8F962453881F}.Release|Any CPU.Build.0 = Release|Any CPU
	EndGlobalSection
	GlobalSection(SolutionProperties) = preSolution
		HideSolutionNode = FALSE
	EndGlobalSection
EndGlobal
